
Microsoft Visual Studio Solution File, Format Version 12.00
# Visual Studio Version 17
VisualStudioVersion = 17.5.2.0
MinimumVisualStudioVersion = 10.0.40219.1
Project("{9A19103F-16F7-4668-BE54-9A1E7A4F7556}") = "Personal Workspace02", "Personal Workspace02.csproj", "{03D652FB-607F-49B5-905D-5B69403DEED8}"
EndProject
Project("{FAE04EC0-301F-11D3-BF4B-00C04F79EFBC}") = "CarProject", "CarProject\CarProject.csproj", "{C06CDD56-4FBE-4AE8-B1C7-0D721C7A9D10}"
EndProject
Project("{FAE04EC0-301F-11D3-BF4B-00C04F79EFBC}") = "Date", "Date\Date.csproj", "{9AEA9561-2A1D-41DD-9737-9689476BA728}"
EndProject
Project("{FAE04EC0-301F-11D3-BF4B-00C04F79EFBC}") = "Medal_W", "Medal_W\Medal_W.csproj", "{0004C1D1-ABD9-424D-923B-5D1BCD885042}"
EndProject
Project("{FAE04EC0-301F-11D3-BF4B-00C04F79EFBC}") = "Pet_W", "Pet_W\Pet_W.csproj", "{38CB1264-83E1-4B6A-8024-A9CDB19087EA}"
EndProject
Project("{2150E333-8FDC-42A3-9474-1A3956D46DE8}") = "In Class Exercise", "In Class Exercise", "{CDC03A79-1DAF-2B71-3A47-FDC76A1BB60A}"
EndProject
Project("{FAE04EC0-301F-11D3-BF4B-00C04F79EFBC}") = "Overloading Operator 1", "Overloading Operator 1\Overloading Operator 1.csproj", "{30EE021A-B638-45A1-B463-C8F36ECC079B}"
EndProject
Project("{FAE04EC0-301F-11D3-BF4B-00C04F79EFBC}") = "Lab_08_Time", "Lab_08_Time\Lab_08_Time.csproj", "{DE079B3D-569A-40E1-8959-4ACDDECBD5EB}"
EndProject
Project("{2150E333-8FDC-42A3-9474-1A3956D46DE8}") = "Random", "Random", "{E81F5813-4131-5360-D83D-D6701522AC23}"
EndProject
Project("{FAE04EC0-301F-11D3-BF4B-00C04F79EFBC}") = "Michael.cs", "Random\Michael.cs\Michael.cs.csproj", "{FA560C24-AAD5-4F39-BA0A-B49D16F99C9E}"
EndProject
Project("{FAE04EC0-301F-11D3-BF4B-00C04F79EFBC}") = "inheritance", "inheritance\inheritance.csproj", "{6B654279-92BB-4E1C-92E2-307FD51AEF2F}"
EndProject
Project("{FAE04EC0-301F-11D3-BF4B-00C04F79EFBC}") = "SongsPart2", "SongsPart2\SongsPart2.csproj", "{779FF4FC-67E5-474E-A42C-63B45825EED3}"
EndProject
Project("{FAE04EC0-301F-11D3-BF4B-00C04F79EFBC}") = "Song", "Song\Song.csproj", "{A290BBD9-1FAD-4016-95E0-270C4247EFE3}"
EndProject
Project("{FAE04EC0-301F-11D3-BF4B-00C04F79EFBC}") = "Atoms", "Atoms\Atoms.csproj", "{AD94825C-9C00-44D8-B979-0415D62AC0E2}"
EndProject
Project("{FAE04EC0-301F-11D3-BF4B-00C04F79EFBC}") = "Complex", "Com[lex\Complex.csproj", "{03542385-D22E-461A-9866-C42DA24951F2}"
EndProject
Project("{FAE04EC0-301F-11D3-BF4B-00C04F79EFBC}") = "Shapes", "Shapes\Shapes.csproj", "{148922DA-3BD2-44E3-9F2C-A5C9A1E9FF50}"
EndProject
Project("{2150E333-8FDC-42A3-9474-1A3956D46DE8}") = "Semester 2", "Semester 2", "{C8253EBD-2682-4CAE-AA63-9FF93CECB2A9}"
EndProject
Project("{2150E333-8FDC-42A3-9474-1A3956D46DE8}") = "Comp123 (Programming 2)", "Comp123 (Programming 2)", "{DE64FBA0-4B11-4330-A061-A0D7E97C66A8}"
EndProject
Project("{2150E333-8FDC-42A3-9474-1A3956D46DE8}") = "Labs", "Labs", "{31045D00-FB4A-407F-9069-01F19FD83174}"
EndProject
Project("{2150E333-8FDC-42A3-9474-1A3956D46DE8}") = "Lab 8", "Lab 8", "{C329B725-A9D6-431E-976F-52CD28A869F8}"
EndProject
Project("{FAE04EC0-301F-11D3-BF4B-00C04F79EFBC}") = "Employee Management System", "Semester 2\Comp123 (Programming 2)\Labs\Lab 8\Employee Management System\Employee Management System.csproj", "{82E4CF93-3194-48BE-8A23-84A0FE2BF60E}"
EndProject
Project("{FAE04EC0-301F-11D3-BF4B-00C04F79EFBC}") = "Employee", "Employee\Employee.csproj", "{BCBFF86C-6905-42A8-9FE7-379D9375567C}"
EndProject
Project("{FAE04EC0-301F-11D3-BF4B-00C04F79EFBC}") = "Patient App", "Patient App\Patient App.csproj", "{9BFB2450-7002-48A7-9AEA-18B44A4F7645}"
EndProject
Project("{FAE04EC0-301F-11D3-BF4B-00C04F79EFBC}") = "Week10", "Week10\Week10.csproj", "{6DB5B1B1-D3EB-4AC4-9DA4-A05131E99007}"
EndProject
Project("{FAE04EC0-301F-11D3-BF4B-00C04F79EFBC}") = "LinkedLists", "LinkedLists\LinkedLists.csproj", "{8B15A96A-4DF2-4D6F-9472-C26EEDAA5EA4}"
EndProject
Project("{FAE04EC0-301F-11D3-BF4B-00C04F79EFBC}") = "Student Demo", "Student Demo\Student Demo.csproj", "{464D3170-9FFA-405F-ABC4-420C613815AF}"
EndProject
Global
	GlobalSection(SolutionConfigurationPlatforms) = preSolution
		Debug|Any CPU = Debug|Any CPU
		Debug|x64 = Debug|x64
		Debug|x86 = Debug|x86
		Release|Any CPU = Release|Any CPU
		Release|x64 = Release|x64
		Release|x86 = Release|x86
	EndGlobalSection
	GlobalSection(ProjectConfigurationPlatforms) = postSolution
		{03D652FB-607F-49B5-905D-5B69403DEED8}.Debug|Any CPU.ActiveCfg = Debug|Any CPU
		{03D652FB-607F-49B5-905D-5B69403DEED8}.Debug|Any CPU.Build.0 = Debug|Any CPU
		{03D652FB-607F-49B5-905D-5B69403DEED8}.Debug|x64.ActiveCfg = Debug|Any CPU
		{03D652FB-607F-49B5-905D-5B69403DEED8}.Debug|x64.Build.0 = Debug|Any CPU
		{03D652FB-607F-49B5-905D-5B69403DEED8}.Debug|x86.ActiveCfg = Debug|Any CPU
		{03D652FB-607F-49B5-905D-5B69403DEED8}.Debug|x86.Build.0 = Debug|Any CPU
		{03D652FB-607F-49B5-905D-5B69403DEED8}.Release|Any CPU.ActiveCfg = Release|Any CPU
		{03D652FB-607F-49B5-905D-5B69403DEED8}.Release|Any CPU.Build.0 = Release|Any CPU
		{03D652FB-607F-49B5-905D-5B69403DEED8}.Release|x64.ActiveCfg = Release|Any CPU
		{03D652FB-607F-49B5-905D-5B69403DEED8}.Release|x64.Build.0 = Release|Any CPU
		{03D652FB-607F-49B5-905D-5B69403DEED8}.Release|x86.ActiveCfg = Release|Any CPU
		{03D652FB-607F-49B5-905D-5B69403DEED8}.Release|x86.Build.0 = Release|Any CPU
		{C06CDD56-4FBE-4AE8-B1C7-0D721C7A9D10}.Debug|Any CPU.ActiveCfg = Debug|Any CPU
		{C06CDD56-4FBE-4AE8-B1C7-0D721C7A9D10}.Debug|Any CPU.Build.0 = Debug|Any CPU
		{C06CDD56-4FBE-4AE8-B1C7-0D721C7A9D10}.Debug|x64.ActiveCfg = Debug|Any CPU
		{C06CDD56-4FBE-4AE8-B1C7-0D721C7A9D10}.Debug|x64.Build.0 = Debug|Any CPU
		{C06CDD56-4FBE-4AE8-B1C7-0D721C7A9D10}.Debug|x86.ActiveCfg = Debug|Any CPU
		{C06CDD56-4FBE-4AE8-B1C7-0D721C7A9D10}.Debug|x86.Build.0 = Debug|Any CPU
		{C06CDD56-4FBE-4AE8-B1C7-0D721C7A9D10}.Release|Any CPU.ActiveCfg = Release|Any CPU
		{C06CDD56-4FBE-4AE8-B1C7-0D721C7A9D10}.Release|Any CPU.Build.0 = Release|Any CPU
		{C06CDD56-4FBE-4AE8-B1C7-0D721C7A9D10}.Release|x64.ActiveCfg = Release|Any CPU
		{C06CDD56-4FBE-4AE8-B1C7-0D721C7A9D10}.Release|x64.Build.0 = Release|Any CPU
		{C06CDD56-4FBE-4AE8-B1C7-0D721C7A9D10}.Release|x86.ActiveCfg = Release|Any CPU
		{C06CDD56-4FBE-4AE8-B1C7-0D721C7A9D10}.Release|x86.Build.0 = Release|Any CPU
		{9AEA9561-2A1D-41DD-9737-9689476BA728}.Debug|Any CPU.ActiveCfg = Debug|Any CPU
		{9AEA9561-2A1D-41DD-9737-9689476BA728}.Debug|Any CPU.Build.0 = Debug|Any CPU
		{9AEA9561-2A1D-41DD-9737-9689476BA728}.Debug|x64.ActiveCfg = Debug|Any CPU
		{9AEA9561-2A1D-41DD-9737-9689476BA728}.Debug|x64.Build.0 = Debug|Any CPU
		{9AEA9561-2A1D-41DD-9737-9689476BA728}.Debug|x86.ActiveCfg = Debug|Any CPU
		{9AEA9561-2A1D-41DD-9737-9689476BA728}.Debug|x86.Build.0 = Debug|Any CPU
		{9AEA9561-2A1D-41DD-9737-9689476BA728}.Release|Any CPU.ActiveCfg = Release|Any CPU
		{9AEA9561-2A1D-41DD-9737-9689476BA728}.Release|Any CPU.Build.0 = Release|Any CPU
		{9AEA9561-2A1D-41DD-9737-9689476BA728}.Release|x64.ActiveCfg = Release|Any CPU
		{9AEA9561-2A1D-41DD-9737-9689476BA728}.Release|x64.Build.0 = Release|Any CPU
		{9AEA9561-2A1D-41DD-9737-9689476BA728}.Release|x86.ActiveCfg = Release|Any CPU
		{9AEA9561-2A1D-41DD-9737-9689476BA728}.Release|x86.Build.0 = Release|Any CPU
		{0004C1D1-ABD9-424D-923B-5D1BCD885042}.Debug|Any CPU.ActiveCfg = Debug|Any CPU
		{0004C1D1-ABD9-424D-923B-5D1BCD885042}.Debug|Any CPU.Build.0 = Debug|Any CPU
		{0004C1D1-ABD9-424D-923B-5D1BCD885042}.Debug|x64.ActiveCfg = Debug|Any CPU
		{0004C1D1-ABD9-424D-923B-5D1BCD885042}.Debug|x64.Build.0 = Debug|Any CPU
		{0004C1D1-ABD9-424D-923B-5D1BCD885042}.Debug|x86.ActiveCfg = Debug|Any CPU
		{0004C1D1-ABD9-424D-923B-5D1BCD885042}.Debug|x86.Build.0 = Debug|Any CPU
		{0004C1D1-ABD9-424D-923B-5D1BCD885042}.Release|Any CPU.ActiveCfg = Release|Any CPU
		{0004C1D1-ABD9-424D-923B-5D1BCD885042}.Release|Any CPU.Build.0 = Release|Any CPU
		{0004C1D1-ABD9-424D-923B-5D1BCD885042}.Release|x64.ActiveCfg = Release|Any CPU
		{0004C1D1-ABD9-424D-923B-5D1BCD885042}.Release|x64.Build.0 = Release|Any CPU
		{0004C1D1-ABD9-424D-923B-5D1BCD885042}.Release|x86.ActiveCfg = Release|Any CPU
		{0004C1D1-ABD9-424D-923B-5D1BCD885042}.Release|x86.Build.0 = Release|Any CPU
		{38CB1264-83E1-4B6A-8024-A9CDB19087EA}.Debug|Any CPU.ActiveCfg = Debug|Any CPU
		{38CB1264-83E1-4B6A-8024-A9CDB19087EA}.Debug|Any CPU.Build.0 = Debug|Any CPU
		{38CB1264-83E1-4B6A-8024-A9CDB19087EA}.Debug|x64.ActiveCfg = Debug|Any CPU
		{38CB1264-83E1-4B6A-8024-A9CDB19087EA}.Debug|x64.Build.0 = Debug|Any CPU
		{38CB1264-83E1-4B6A-8024-A9CDB19087EA}.Debug|x86.ActiveCfg = Debug|Any CPU
		{38CB1264-83E1-4B6A-8024-A9CDB19087EA}.Debug|x86.Build.0 = Debug|Any CPU
		{38CB1264-83E1-4B6A-8024-A9CDB19087EA}.Release|Any CPU.ActiveCfg = Release|Any CPU
		{38CB1264-83E1-4B6A-8024-A9CDB19087EA}.Release|Any CPU.Build.0 = Release|Any CPU
		{38CB1264-83E1-4B6A-8024-A9CDB19087EA}.Release|x64.ActiveCfg = Release|Any CPU
		{38CB1264-83E1-4B6A-8024-A9CDB19087EA}.Release|x64.Build.0 = Release|Any CPU
		{38CB1264-83E1-4B6A-8024-A9CDB19087EA}.Release|x86.ActiveCfg = Release|Any CPU
		{38CB1264-83E1-4B6A-8024-A9CDB19087EA}.Release|x86.Build.0 = Release|Any CPU
		{30EE021A-B638-45A1-B463-C8F36ECC079B}.Debug|Any CPU.ActiveCfg = Debug|Any CPU
		{30EE021A-B638-45A1-B463-C8F36ECC079B}.Debug|Any CPU.Build.0 = Debug|Any CPU
		{30EE021A-B638-45A1-B463-C8F36ECC079B}.Debug|x64.ActiveCfg = Debug|Any CPU
		{30EE021A-B638-45A1-B463-C8F36ECC079B}.Debug|x64.Build.0 = Debug|Any CPU
		{30EE021A-B638-45A1-B463-C8F36ECC079B}.Debug|x86.ActiveCfg = Debug|Any CPU
		{30EE021A-B638-45A1-B463-C8F36ECC079B}.Debug|x86.Build.0 = Debug|Any CPU
		{30EE021A-B638-45A1-B463-C8F36ECC079B}.Release|Any CPU.ActiveCfg = Release|Any CPU
		{30EE021A-B638-45A1-B463-C8F36ECC079B}.Release|Any CPU.Build.0 = Release|Any CPU
		{30EE021A-B638-45A1-B463-C8F36ECC079B}.Release|x64.ActiveCfg = Release|Any CPU
		{30EE021A-B638-45A1-B463-C8F36ECC079B}.Release|x64.Build.0 = Release|Any CPU
		{30EE021A-B638-45A1-B463-C8F36ECC079B}.Release|x86.ActiveCfg = Release|Any CPU
		{30EE021A-B638-45A1-B463-C8F36ECC079B}.Release|x86.Build.0 = Release|Any CPU
		{DE079B3D-569A-40E1-8959-4ACDDECBD5EB}.Debug|Any CPU.ActiveCfg = Debug|Any CPU
		{DE079B3D-569A-40E1-8959-4ACDDECBD5EB}.Debug|Any CPU.Build.0 = Debug|Any CPU
		{DE079B3D-569A-40E1-8959-4ACDDECBD5EB}.Debug|x64.ActiveCfg = Debug|Any CPU
		{DE079B3D-569A-40E1-8959-4ACDDECBD5EB}.Debug|x64.Build.0 = Debug|Any CPU
		{DE079B3D-569A-40E1-8959-4ACDDECBD5EB}.Debug|x86.ActiveCfg = Debug|Any CPU
		{DE079B3D-569A-40E1-8959-4ACDDECBD5EB}.Debug|x86.Build.0 = Debug|Any CPU
		{DE079B3D-569A-40E1-8959-4ACDDECBD5EB}.Release|Any CPU.ActiveCfg = Release|Any CPU
		{DE079B3D-569A-40E1-8959-4ACDDECBD5EB}.Release|Any CPU.Build.0 = Release|Any CPU
		{DE079B3D-569A-40E1-8959-4ACDDECBD5EB}.Release|x64.ActiveCfg = Release|Any CPU
		{DE079B3D-569A-40E1-8959-4ACDDECBD5EB}.Release|x64.Build.0 = Release|Any CPU
		{DE079B3D-569A-40E1-8959-4ACDDECBD5EB}.Release|x86.ActiveCfg = Release|Any CPU
		{DE079B3D-569A-40E1-8959-4ACDDECBD5EB}.Release|x86.Build.0 = Release|Any CPU
		{FA560C24-AAD5-4F39-BA0A-B49D16F99C9E}.Debug|Any CPU.ActiveCfg = Debug|Any CPU
		{FA560C24-AAD5-4F39-BA0A-B49D16F99C9E}.Debug|Any CPU.Build.0 = Debug|Any CPU
		{FA560C24-AAD5-4F39-BA0A-B49D16F99C9E}.Debug|x64.ActiveCfg = Debug|Any CPU
		{FA560C24-AAD5-4F39-BA0A-B49D16F99C9E}.Debug|x64.Build.0 = Debug|Any CPU
		{FA560C24-AAD5-4F39-BA0A-B49D16F99C9E}.Debug|x86.ActiveCfg = Debug|Any CPU
		{FA560C24-AAD5-4F39-BA0A-B49D16F99C9E}.Debug|x86.Build.0 = Debug|Any CPU
		{FA560C24-AAD5-4F39-BA0A-B49D16F99C9E}.Release|Any CPU.ActiveCfg = Release|Any CPU
		{FA560C24-AAD5-4F39-BA0A-B49D16F99C9E}.Release|Any CPU.Build.0 = Release|Any CPU
		{FA560C24-AAD5-4F39-BA0A-B49D16F99C9E}.Release|x64.ActiveCfg = Release|Any CPU
		{FA560C24-AAD5-4F39-BA0A-B49D16F99C9E}.Release|x64.Build.0 = Release|Any CPU
		{FA560C24-AAD5-4F39-BA0A-B49D16F99C9E}.Release|x86.ActiveCfg = Release|Any CPU
		{FA560C24-AAD5-4F39-BA0A-B49D16F99C9E}.Release|x86.Build.0 = Release|Any CPU
		{6B654279-92BB-4E1C-92E2-307FD51AEF2F}.Debug|Any CPU.ActiveCfg = Debug|Any CPU
		{6B654279-92BB-4E1C-92E2-307FD51AEF2F}.Debug|Any CPU.Build.0 = Debug|Any CPU
		{6B654279-92BB-4E1C-92E2-307FD51AEF2F}.Debug|x64.ActiveCfg = Debug|Any CPU
		{6B654279-92BB-4E1C-92E2-307FD51AEF2F}.Debug|x64.Build.0 = Debug|Any CPU
		{6B654279-92BB-4E1C-92E2-307FD51AEF2F}.Debug|x86.ActiveCfg = Debug|Any CPU
		{6B654279-92BB-4E1C-92E2-307FD51AEF2F}.Debug|x86.Build.0 = Debug|Any CPU
		{6B654279-92BB-4E1C-92E2-307FD51AEF2F}.Release|Any CPU.ActiveCfg = Release|Any CPU
		{6B654279-92BB-4E1C-92E2-307FD51AEF2F}.Release|Any CPU.Build.0 = Release|Any CPU
		{6B654279-92BB-4E1C-92E2-307FD51AEF2F}.Release|x64.ActiveCfg = Release|Any CPU
		{6B654279-92BB-4E1C-92E2-307FD51AEF2F}.Release|x64.Build.0 = Release|Any CPU
		{6B654279-92BB-4E1C-92E2-307FD51AEF2F}.Release|x86.ActiveCfg = Release|Any CPU
		{6B654279-92BB-4E1C-92E2-307FD51AEF2F}.Release|x86.Build.0 = Release|Any CPU
		{779FF4FC-67E5-474E-A42C-63B45825EED3}.Debug|Any CPU.ActiveCfg = Debug|Any CPU
		{779FF4FC-67E5-474E-A42C-63B45825EED3}.Debug|Any CPU.Build.0 = Debug|Any CPU
		{779FF4FC-67E5-474E-A42C-63B45825EED3}.Debug|x64.ActiveCfg = Debug|Any CPU
		{779FF4FC-67E5-474E-A42C-63B45825EED3}.Debug|x64.Build.0 = Debug|Any CPU
		{779FF4FC-67E5-474E-A42C-63B45825EED3}.Debug|x86.ActiveCfg = Debug|Any CPU
		{779FF4FC-67E5-474E-A42C-63B45825EED3}.Debug|x86.Build.0 = Debug|Any CPU
		{779FF4FC-67E5-474E-A42C-63B45825EED3}.Release|Any CPU.ActiveCfg = Release|Any CPU
		{779FF4FC-67E5-474E-A42C-63B45825EED3}.Release|Any CPU.Build.0 = Release|Any CPU
		{779FF4FC-67E5-474E-A42C-63B45825EED3}.Release|x64.ActiveCfg = Release|Any CPU
		{779FF4FC-67E5-474E-A42C-63B45825EED3}.Release|x64.Build.0 = Release|Any CPU
		{779FF4FC-67E5-474E-A42C-63B45825EED3}.Release|x86.ActiveCfg = Release|Any CPU
		{779FF4FC-67E5-474E-A42C-63B45825EED3}.Release|x86.Build.0 = Release|Any CPU
		{A290BBD9-1FAD-4016-95E0-270C4247EFE3}.Debug|Any CPU.ActiveCfg = Debug|Any CPU
		{A290BBD9-1FAD-4016-95E0-270C4247EFE3}.Debug|Any CPU.Build.0 = Debug|Any CPU
		{A290BBD9-1FAD-4016-95E0-270C4247EFE3}.Debug|x64.ActiveCfg = Debug|Any CPU
		{A290BBD9-1FAD-4016-95E0-270C4247EFE3}.Debug|x64.Build.0 = Debug|Any CPU
		{A290BBD9-1FAD-4016-95E0-270C4247EFE3}.Debug|x86.ActiveCfg = Debug|Any CPU
		{A290BBD9-1FAD-4016-95E0-270C4247EFE3}.Debug|x86.Build.0 = Debug|Any CPU
		{A290BBD9-1FAD-4016-95E0-270C4247EFE3}.Release|Any CPU.ActiveCfg = Release|Any CPU
		{A290BBD9-1FAD-4016-95E0-270C4247EFE3}.Release|Any CPU.Build.0 = Release|Any CPU
		{A290BBD9-1FAD-4016-95E0-270C4247EFE3}.Release|x64.ActiveCfg = Release|Any CPU
		{A290BBD9-1FAD-4016-95E0-270C4247EFE3}.Release|x64.Build.0 = Release|Any CPU
		{A290BBD9-1FAD-4016-95E0-270C4247EFE3}.Release|x86.ActiveCfg = Release|Any CPU
		{A290BBD9-1FAD-4016-95E0-270C4247EFE3}.Release|x86.Build.0 = Release|Any CPU
		{AD94825C-9C00-44D8-B979-0415D62AC0E2}.Debug|Any CPU.ActiveCfg = Debug|Any CPU
		{AD94825C-9C00-44D8-B979-0415D62AC0E2}.Debug|Any CPU.Build.0 = Debug|Any CPU
		{AD94825C-9C00-44D8-B979-0415D62AC0E2}.Debug|x64.ActiveCfg = Debug|Any CPU
		{AD94825C-9C00-44D8-B979-0415D62AC0E2}.Debug|x64.Build.0 = Debug|Any CPU
		{AD94825C-9C00-44D8-B979-0415D62AC0E2}.Debug|x86.ActiveCfg = Debug|Any CPU
		{AD94825C-9C00-44D8-B979-0415D62AC0E2}.Debug|x86.Build.0 = Debug|Any CPU
		{AD94825C-9C00-44D8-B979-0415D62AC0E2}.Release|Any CPU.ActiveCfg = Release|Any CPU
		{AD94825C-9C00-44D8-B979-0415D62AC0E2}.Release|Any CPU.Build.0 = Release|Any CPU
		{AD94825C-9C00-44D8-B979-0415D62AC0E2}.Release|x64.ActiveCfg = Release|Any CPU
		{AD94825C-9C00-44D8-B979-0415D62AC0E2}.Release|x64.Build.0 = Release|Any CPU
		{AD94825C-9C00-44D8-B979-0415D62AC0E2}.Release|x86.ActiveCfg = Release|Any CPU
		{AD94825C-9C00-44D8-B979-0415D62AC0E2}.Release|x86.Build.0 = Release|Any CPU
		{03542385-D22E-461A-9866-C42DA24951F2}.Debug|Any CPU.ActiveCfg = Debug|Any CPU
		{03542385-D22E-461A-9866-C42DA24951F2}.Debug|Any CPU.Build.0 = Debug|Any CPU
		{03542385-D22E-461A-9866-C42DA24951F2}.Debug|x64.ActiveCfg = Debug|Any CPU
		{03542385-D22E-461A-9866-C42DA24951F2}.Debug|x64.Build.0 = Debug|Any CPU
		{03542385-D22E-461A-9866-C42DA24951F2}.Debug|x86.ActiveCfg = Debug|Any CPU
		{03542385-D22E-461A-9866-C42DA24951F2}.Debug|x86.Build.0 = Debug|Any CPU
		{03542385-D22E-461A-9866-C42DA24951F2}.Release|Any CPU.ActiveCfg = Release|Any CPU
		{03542385-D22E-461A-9866-C42DA24951F2}.Release|Any CPU.Build.0 = Release|Any CPU
		{03542385-D22E-461A-9866-C42DA24951F2}.Release|x64.ActiveCfg = Release|Any CPU
		{03542385-D22E-461A-9866-C42DA24951F2}.Release|x64.Build.0 = Release|Any CPU
		{03542385-D22E-461A-9866-C42DA24951F2}.Release|x86.ActiveCfg = Release|Any CPU
		{03542385-D22E-461A-9866-C42DA24951F2}.Release|x86.Build.0 = Release|Any CPU
		{148922DA-3BD2-44E3-9F2C-A5C9A1E9FF50}.Debug|Any CPU.ActiveCfg = Debug|Any CPU
		{148922DA-3BD2-44E3-9F2C-A5C9A1E9FF50}.Debug|Any CPU.Build.0 = Debug|Any CPU
		{148922DA-3BD2-44E3-9F2C-A5C9A1E9FF50}.Debug|x64.ActiveCfg = Debug|Any CPU
		{148922DA-3BD2-44E3-9F2C-A5C9A1E9FF50}.Debug|x64.Build.0 = Debug|Any CPU
		{148922DA-3BD2-44E3-9F2C-A5C9A1E9FF50}.Debug|x86.ActiveCfg = Debug|Any CPU
		{148922DA-3BD2-44E3-9F2C-A5C9A1E9FF50}.Debug|x86.Build.0 = Debug|Any CPU
		{148922DA-3BD2-44E3-9F2C-A5C9A1E9FF50}.Release|Any CPU.ActiveCfg = Release|Any CPU
		{148922DA-3BD2-44E3-9F2C-A5C9A1E9FF50}.Release|Any CPU.Build.0 = Release|Any CPU
		{148922DA-3BD2-44E3-9F2C-A5C9A1E9FF50}.Release|x64.ActiveCfg = Release|Any CPU
		{148922DA-3BD2-44E3-9F2C-A5C9A1E9FF50}.Release|x64.Build.0 = Release|Any CPU
		{148922DA-3BD2-44E3-9F2C-A5C9A1E9FF50}.Release|x86.ActiveCfg = Release|Any CPU
		{148922DA-3BD2-44E3-9F2C-A5C9A1E9FF50}.Release|x86.Build.0 = Release|Any CPU
		{82E4CF93-3194-48BE-8A23-84A0FE2BF60E}.Debug|Any CPU.ActiveCfg = Debug|Any CPU
		{82E4CF93-3194-48BE-8A23-84A0FE2BF60E}.Debug|Any CPU.Build.0 = Debug|Any CPU
		{82E4CF93-3194-48BE-8A23-84A0FE2BF60E}.Debug|x64.ActiveCfg = Debug|Any CPU
		{82E4CF93-3194-48BE-8A23-84A0FE2BF60E}.Debug|x64.Build.0 = Debug|Any CPU
		{82E4CF93-3194-48BE-8A23-84A0FE2BF60E}.Debug|x86.ActiveCfg = Debug|Any CPU
		{82E4CF93-3194-48BE-8A23-84A0FE2BF60E}.Debug|x86.Build.0 = Debug|Any CPU
		{82E4CF93-3194-48BE-8A23-84A0FE2BF60E}.Release|Any CPU.ActiveCfg = Release|Any CPU
		{82E4CF93-3194-48BE-8A23-84A0FE2BF60E}.Release|Any CPU.Build.0 = Release|Any CPU
		{82E4CF93-3194-48BE-8A23-84A0FE2BF60E}.Release|x64.ActiveCfg = Release|Any CPU
		{82E4CF93-3194-48BE-8A23-84A0FE2BF60E}.Release|x64.Build.0 = Release|Any CPU
		{82E4CF93-3194-48BE-8A23-84A0FE2BF60E}.Release|x86.ActiveCfg = Release|Any CPU
		{82E4CF93-3194-48BE-8A23-84A0FE2BF60E}.Release|x86.Build.0 = Release|Any CPU
		{BCBFF86C-6905-42A8-9FE7-379D9375567C}.Debug|Any CPU.ActiveCfg = Debug|Any CPU
		{BCBFF86C-6905-42A8-9FE7-379D9375567C}.Debug|Any CPU.Build.0 = Debug|Any CPU
		{BCBFF86C-6905-42A8-9FE7-379D9375567C}.Debug|x64.ActiveCfg = Debug|Any CPU
		{BCBFF86C-6905-42A8-9FE7-379D9375567C}.Debug|x64.Build.0 = Debug|Any CPU
		{BCBFF86C-6905-42A8-9FE7-379D9375567C}.Debug|x86.ActiveCfg = Debug|Any CPU
		{BCBFF86C-6905-42A8-9FE7-379D9375567C}.Debug|x86.Build.0 = Debug|Any CPU
		{BCBFF86C-6905-42A8-9FE7-379D9375567C}.Release|Any CPU.ActiveCfg = Release|Any CPU
		{BCBFF86C-6905-42A8-9FE7-379D9375567C}.Release|Any CPU.Build.0 = Release|Any CPU
		{BCBFF86C-6905-42A8-9FE7-379D9375567C}.Release|x64.ActiveCfg = Release|Any CPU
		{BCBFF86C-6905-42A8-9FE7-379D9375567C}.Release|x64.Build.0 = Release|Any CPU
		{BCBFF86C-6905-42A8-9FE7-379D9375567C}.Release|x86.ActiveCfg = Release|Any CPU
		{BCBFF86C-6905-42A8-9FE7-379D9375567C}.Release|x86.Build.0 = Release|Any CPU
		{9BFB2450-7002-48A7-9AEA-18B44A4F7645}.Debug|Any CPU.ActiveCfg = Debug|Any CPU
		{9BFB2450-7002-48A7-9AEA-18B44A4F7645}.Debug|Any CPU.Build.0 = Debug|Any CPU
		{9BFB2450-7002-48A7-9AEA-18B44A4F7645}.Debug|x64.ActiveCfg = Debug|Any CPU
		{9BFB2450-7002-48A7-9AEA-18B44A4F7645}.Debug|x64.Build.0 = Debug|Any CPU
		{9BFB2450-7002-48A7-9AEA-18B44A4F7645}.Debug|x86.ActiveCfg = Debug|Any CPU
		{9BFB2450-7002-48A7-9AEA-18B44A4F7645}.Debug|x86.Build.0 = Debug|Any CPU
		{9BFB2450-7002-48A7-9AEA-18B44A4F7645}.Release|Any CPU.ActiveCfg = Release|Any CPU
		{9BFB2450-7002-48A7-9AEA-18B44A4F7645}.Release|Any CPU.Build.0 = Release|Any CPU
		{9BFB2450-7002-48A7-9AEA-18B44A4F7645}.Release|x64.ActiveCfg = Release|Any CPU
		{9BFB2450-7002-48A7-9AEA-18B44A4F7645}.Release|x64.Build.0 = Release|Any CPU
		{9BFB2450-7002-48A7-9AEA-18B44A4F7645}.Release|x86.ActiveCfg = Release|Any CPU
		{9BFB2450-7002-48A7-9AEA-18B44A4F7645}.Release|x86.Build.0 = Release|Any CPU
		{6DB5B1B1-D3EB-4AC4-9DA4-A05131E99007}.Debug|Any CPU.ActiveCfg = Debug|Any CPU
		{6DB5B1B1-D3EB-4AC4-9DA4-A05131E99007}.Debug|Any CPU.Build.0 = Debug|Any CPU
		{6DB5B1B1-D3EB-4AC4-9DA4-A05131E99007}.Debug|x64.ActiveCfg = Debug|Any CPU
		{6DB5B1B1-D3EB-4AC4-9DA4-A05131E99007}.Debug|x64.Build.0 = Debug|Any CPU
		{6DB5B1B1-D3EB-4AC4-9DA4-A05131E99007}.Debug|x86.ActiveCfg = Debug|Any CPU
		{6DB5B1B1-D3EB-4AC4-9DA4-A05131E99007}.Debug|x86.Build.0 = Debug|Any CPU
		{6DB5B1B1-D3EB-4AC4-9DA4-A05131E99007}.Release|Any CPU.ActiveCfg = Release|Any CPU
		{6DB5B1B1-D3EB-4AC4-9DA4-A05131E99007}.Release|Any CPU.Build.0 = Release|Any CPU
		{6DB5B1B1-D3EB-4AC4-9DA4-A05131E99007}.Release|x64.ActiveCfg = Release|Any CPU
		{6DB5B1B1-D3EB-4AC4-9DA4-A05131E99007}.Release|x64.Build.0 = Release|Any CPU
		{6DB5B1B1-D3EB-4AC4-9DA4-A05131E99007}.Release|x86.ActiveCfg = Release|Any CPU
		{6DB5B1B1-D3EB-4AC4-9DA4-A05131E99007}.Release|x86.Build.0 = Release|Any CPU
		{8B15A96A-4DF2-4D6F-9472-C26EEDAA5EA4}.Debug|Any CPU.ActiveCfg = Debug|Any CPU
		{8B15A96A-4DF2-4D6F-9472-C26EEDAA5EA4}.Debug|Any CPU.Build.0 = Debug|Any CPU
		{8B15A96A-4DF2-4D6F-9472-C26EEDAA5EA4}.Debug|x64.ActiveCfg = Debug|Any CPU
		{8B15A96A-4DF2-4D6F-9472-C26EEDAA5EA4}.Debug|x64.Build.0 = Debug|Any CPU
		{8B15A96A-4DF2-4D6F-9472-C26EEDAA5EA4}.Debug|x86.ActiveCfg = Debug|Any CPU
		{8B15A96A-4DF2-4D6F-9472-C26EEDAA5EA4}.Debug|x86.Build.0 = Debug|Any CPU
		{8B15A96A-4DF2-4D6F-9472-C26EEDAA5EA4}.Release|Any CPU.ActiveCfg = Release|Any CPU
		{8B15A96A-4DF2-4D6F-9472-C26EEDAA5EA4}.Release|Any CPU.Build.0 = Release|Any CPU
		{8B15A96A-4DF2-4D6F-9472-C26EEDAA5EA4}.Release|x64.ActiveCfg = Release|Any CPU
		{8B15A96A-4DF2-4D6F-9472-C26EEDAA5EA4}.Release|x64.Build.0 = Release|Any CPU
		{8B15A96A-4DF2-4D6F-9472-C26EEDAA5EA4}.Release|x86.ActiveCfg = Release|Any CPU
		{8B15A96A-4DF2-4D6F-9472-C26EEDAA5EA4}.Release|x86.Build.0 = Release|Any CPU
		{464D3170-9FFA-405F-ABC4-420C613815AF}.Debug|Any CPU.ActiveCfg = Debug|Any CPU
		{464D3170-9FFA-405F-ABC4-420C613815AF}.Debug|Any CPU.Build.0 = Debug|Any CPU
		{464D3170-9FFA-405F-ABC4-420C613815AF}.Debug|x64.ActiveCfg = Debug|Any CPU
		{464D3170-9FFA-405F-ABC4-420C613815AF}.Debug|x64.Build.0 = Debug|Any CPU
		{464D3170-9FFA-405F-ABC4-420C613815AF}.Debug|x86.ActiveCfg = Debug|Any CPU
		{464D3170-9FFA-405F-ABC4-420C613815AF}.Debug|x86.Build.0 = Debug|Any CPU
		{464D3170-9FFA-405F-ABC4-420C613815AF}.Release|Any CPU.ActiveCfg = Release|Any CPU
		{464D3170-9FFA-405F-ABC4-420C613815AF}.Release|Any CPU.Build.0 = Release|Any CPU
		{464D3170-9FFA-405F-ABC4-420C613815AF}.Release|x64.ActiveCfg = Release|Any CPU
		{464D3170-9FFA-405F-ABC4-420C613815AF}.Release|x64.Build.0 = Release|Any CPU
		{464D3170-9FFA-405F-ABC4-420C613815AF}.Release|x86.ActiveCfg = Release|Any CPU
		{464D3170-9FFA-405F-ABC4-420C613815AF}.Release|x86.Build.0 = Release|Any CPU
	EndGlobalSection
	GlobalSection(SolutionProperties) = preSolution
		HideSolutionNode = FALSE
	EndGlobalSection
	GlobalSection(NestedProjects) = preSolution
		{FA560C24-AAD5-4F39-BA0A-B49D16F99C9E} = {E81F5813-4131-5360-D83D-D6701522AC23}
		{DE64FBA0-4B11-4330-A061-A0D7E97C66A8} = {C8253EBD-2682-4CAE-AA63-9FF93CECB2A9}
		{31045D00-FB4A-407F-9069-01F19FD83174} = {DE64FBA0-4B11-4330-A061-A0D7E97C66A8}
		{C329B725-A9D6-431E-976F-52CD28A869F8} = {31045D00-FB4A-407F-9069-01F19FD83174}
		{82E4CF93-3194-48BE-8A23-84A0FE2BF60E} = {C329B725-A9D6-431E-976F-52CD28A869F8}
	EndGlobalSection
	GlobalSection(ExtensibilityGlobals) = postSolution
		SolutionGuid = {DCD50FF9-58C3-4502-8BDC-A9A342AFA39D}
	EndGlobalSection
EndGlobal
