Microsoft Visual Studio Solution File, Format Version 12.00
# Visual Studio Version 17
VisualStudioVersion = 17.5.2.0
MinimumVisualStudioVersion = 10.0.40219.1
Project("{FAE04EC0-301F-11D3-BF4B-00C04F79EFBC}") = "Atoms", "Atoms.csproj", "{DCC34CC9-0A88-F283-063F-9146F7D5F141}"
EndProject
Global
	GlobalSection(SolutionConfigurationPlatforms) = preSolution
		Debug|Any CPU = Debug|Any CPU
		Release|Any CPU = Release|Any CPU
	EndGlobalSection
	GlobalSection(ProjectConfigurationPlatforms) = postSolution
		{DCC34CC9-0A88-F283-063F-9146F7D5F141}.Debug|Any CPU.ActiveCfg = Debug|Any CPU
		{DCC34CC9-0A88-F283-063F-9146F7D5F141}.Debug|Any CPU.Build.0 = Debug|Any CPU
		{DCC34CC9-0A88-F283-063F-9146F7D5F141}.Release|Any CPU.ActiveCfg = Release|Any CPU
		{DCC34CC9-0A88-F283-063F-9146F7D5F141}.Release|Any CPU.Build.0 = Release|Any CPU
	EndGlobalSection
	GlobalSection(SolutionProperties) = preSolution
		HideSolutionNode = FALSE
	EndGlobalSection
	GlobalSection(ExtensibilityGlobals) = postSolution
		SolutionGuid = {F45A0FB7-3804-4880-B0FA-1C6A66FD1974}
	EndGlobalSection
EndGlobal
